
Microsoft Visual Studio Solution File, Format Version 12.00
# Visual Studio 2012
Project("{2150E333-8FDC-42A3-9474-1A3956D46DE8}") = "Common", "Common", "{FC60807C-5550-4B2E-B12E-A5C4700C40EF}"
EndProject
Project("{2150E333-8FDC-42A3-9474-1A3956D46DE8}") = "WindowsPhone8", "WindowsPhone8", "{C23AB01E-3C83-42C1-9F82-4909A95DDA6F}"
EndProject
Project("{2150E333-8FDC-42A3-9474-1A3956D46DE8}") = "Windows8", "Windows8", "{7AE21AAB-CEF2-4862-9FA3-346FDE393812}"
EndProject
Project("{262852C6-CD72-467D-83FE-5EEB1973A190}") = "NetpontoApp", "Windows8\NetpontoApp\NetpontoApp.jsproj", "{3CF16CBD-2E64-4349-821E-702902CECCCE}"
EndProject
Project("{FAE04EC0-301F-11D3-BF4B-00C04F79EFBC}") = "SessoesApp", "Windows8\SessoesApp\SessoesApp.csproj", "{547D8D87-158B-440D-8931-B7918D9BAA40}"
EndProject
Global
	GlobalSection(SolutionConfigurationPlatforms) = preSolution
		Debug|Any CPU = Debug|Any CPU
		Debug|ARM = Debug|ARM
		Debug|x64 = Debug|x64
		Debug|x86 = Debug|x86
		Release|Any CPU = Release|Any CPU
		Release|ARM = Release|ARM
		Release|x64 = Release|x64
		Release|x86 = Release|x86
	EndGlobalSection
	GlobalSection(ProjectConfigurationPlatforms) = postSolution
		{3CF16CBD-2E64-4349-821E-702902CECCCE}.Debug|Any CPU.ActiveCfg = Debug|Any CPU
		{3CF16CBD-2E64-4349-821E-702902CECCCE}.Debug|Any CPU.Build.0 = Debug|Any CPU
		{3CF16CBD-2E64-4349-821E-702902CECCCE}.Debug|Any CPU.Deploy.0 = Debug|Any CPU
		{3CF16CBD-2E64-4349-821E-702902CECCCE}.Debug|ARM.ActiveCfg = Debug|ARM
		{3CF16CBD-2E64-4349-821E-702902CECCCE}.Debug|ARM.Build.0 = Debug|ARM
		{3CF16CBD-2E64-4349-821E-702902CECCCE}.Debug|ARM.Deploy.0 = Debug|ARM
		{3CF16CBD-2E64-4349-821E-702902CECCCE}.Debug|x64.ActiveCfg = Debug|x64
		{3CF16CBD-2E64-4349-821E-702902CECCCE}.Debug|x64.Build.0 = Debug|x64
		{3CF16CBD-2E64-4349-821E-702902CECCCE}.Debug|x64.Deploy.0 = Debug|x64
		{3CF16CBD-2E64-4349-821E-702902CECCCE}.Debug|x86.ActiveCfg = Debug|x86
		{3CF16CBD-2E64-4349-821E-702902CECCCE}.Debug|x86.Build.0 = Debug|x86
		{3CF16CBD-2E64-4349-821E-702902CECCCE}.Debug|x86.Deploy.0 = Debug|x86
		{3CF16CBD-2E64-4349-821E-702902CECCCE}.Release|Any CPU.ActiveCfg = Release|Any CPU
		{3CF16CBD-2E64-4349-821E-702902CECCCE}.Release|Any CPU.Build.0 = Release|Any CPU
		{3CF16CBD-2E64-4349-821E-702902CECCCE}.Release|Any CPU.Deploy.0 = Release|Any CPU
		{3CF16CBD-2E64-4349-821E-702902CECCCE}.Release|ARM.ActiveCfg = Release|ARM
		{3CF16CBD-2E64-4349-821E-702902CECCCE}.Release|ARM.Build.0 = Release|ARM
		{3CF16CBD-2E64-4349-821E-702902CECCCE}.Release|ARM.Deploy.0 = Release|ARM
		{3CF16CBD-2E64-4349-821E-702902CECCCE}.Release|x64.ActiveCfg = Release|x64
		{3CF16CBD-2E64-4349-821E-702902CECCCE}.Release|x64.Build.0 = Release|x64
		{3CF16CBD-2E64-4349-821E-702902CECCCE}.Release|x64.Deploy.0 = Release|x64
		{3CF16CBD-2E64-4349-821E-702902CECCCE}.Release|x86.ActiveCfg = Release|x86
		{3CF16CBD-2E64-4349-821E-702902CECCCE}.Release|x86.Build.0 = Release|x86
		{3CF16CBD-2E64-4349-821E-702902CECCCE}.Release|x86.Deploy.0 = Release|x86
		{547D8D87-158B-440D-8931-B7918D9BAA40}.Debug|Any CPU.ActiveCfg = Debug|Any CPU
		{547D8D87-158B-440D-8931-B7918D9BAA40}.Debug|Any CPU.Build.0 = Debug|Any CPU
		{547D8D87-158B-440D-8931-B7918D9BAA40}.Debug|Any CPU.Deploy.0 = Debug|Any CPU
		{547D8D87-158B-440D-8931-B7918D9BAA40}.Debug|ARM.ActiveCfg = Debug|ARM
		{547D8D87-158B-440D-8931-B7918D9BAA40}.Debug|ARM.Build.0 = Debug|ARM
		{547D8D87-158B-440D-8931-B7918D9BAA40}.Debug|ARM.Deploy.0 = Debug|ARM
		{547D8D87-158B-440D-8931-B7918D9BAA40}.Debug|x64.ActiveCfg = Debug|x64
		{547D8D87-158B-440D-8931-B7918D9BAA40}.Debug|x64.Build.0 = Debug|x64
		{547D8D87-158B-440D-8931-B7918D9BAA40}.Debug|x64.Deploy.0 = Debug|x64
		{547D8D87-158B-440D-8931-B7918D9BAA40}.Debug|x86.ActiveCfg = Debug|x86
		{547D8D87-158B-440D-8931-B7918D9BAA40}.Debug|x86.Build.0 = Debug|x86
		{547D8D87-158B-440D-8931-B7918D9BAA40}.Debug|x86.Deploy.0 = Debug|x86
		{547D8D87-158B-440D-8931-B7918D9BAA40}.Release|Any CPU.ActiveCfg = Release|Any CPU
		{547D8D87-158B-440D-8931-B7918D9BAA40}.Release|Any CPU.Build.0 = Release|Any CPU
		{547D8D87-158B-440D-8931-B7918D9BAA40}.Release|Any CPU.Deploy.0 = Release|Any CPU
		{547D8D87-158B-440D-8931-B7918D9BAA40}.Release|ARM.ActiveCfg = Release|ARM
		{547D8D87-158B-440D-8931-B7918D9BAA40}.Release|ARM.Build.0 = Release|ARM
		{547D8D87-158B-440D-8931-B7918D9BAA40}.Release|ARM.Deploy.0 = Release|ARM
		{547D8D87-158B-440D-8931-B7918D9BAA40}.Release|x64.ActiveCfg = Release|x64
		{547D8D87-158B-440D-8931-B7918D9BAA40}.Release|x64.Build.0 = Release|x64
		{547D8D87-158B-440D-8931-B7918D9BAA40}.Release|x64.Deploy.0 = Release|x64
		{547D8D87-158B-440D-8931-B7918D9BAA40}.Release|x86.ActiveCfg = Release|x86
		{547D8D87-158B-440D-8931-B7918D9BAA40}.Release|x86.Build.0 = Release|x86
		{547D8D87-158B-440D-8931-B7918D9BAA40}.Release|x86.Deploy.0 = Release|x86
	EndGlobalSection
	GlobalSection(SolutionProperties) = preSolution
		HideSolutionNode = FALSE
	EndGlobalSection
	GlobalSection(NestedProjects) = preSolution
		{3CF16CBD-2E64-4349-821E-702902CECCCE} = {7AE21AAB-CEF2-4862-9FA3-346FDE393812}
		{547D8D87-158B-440D-8931-B7918D9BAA40} = {7AE21AAB-CEF2-4862-9FA3-346FDE393812}
	EndGlobalSection
EndGlobal
